
Microsoft Visual Studio Solution File, Format Version 12.00
# Visual Studio Version 17
VisualStudioVersion = 17.3.32929.385
MinimumVisualStudioVersion = 10.0.40219.1
Project("{FAE04EC0-301F-11D3-BF4B-00C04F79EFBC}") = "Demo_NetEaseYoudaoAPI", "Demo_NetEaseYoudaoAPI.csproj", "{220DE49D-1F2C-4012-96D5-8AD0872702F7}"
EndProject
Global
	GlobalSection(SolutionConfigurationPlatforms) = preSolution
		Debug|Any CPU = Debug|Any CPU
		Release|Any CPU = Release|Any CPU
	EndGlobalSection
	GlobalSection(ProjectConfigurationPlatforms) = postSolution
		{220DE49D-1F2C-4012-96D5-8AD0872702F7}.Debug|Any CPU.ActiveCfg = Debug|Any CPU
		{220DE49D-1F2C-4012-96D5-8AD0872702F7}.Debug|Any CPU.Build.0 = Debug|Any CPU
		{220DE49D-1F2C-4012-96D5-8AD0872702F7}.Release|Any CPU.ActiveCfg = Release|Any CPU
		{220DE49D-1F2C-4012-96D5-8AD0872702F7}.Release|Any CPU.Build.0 = Release|Any CPU
	EndGlobalSection
	GlobalSection(SolutionProperties) = preSolution
		HideSolutionNode = FALSE
	EndGlobalSection
	GlobalSection(ExtensibilityGlobals) = postSolution
		SolutionGuid = {56A04CE2-FE78-4861-840D-D4A6929AE4EA}
	EndGlobalSection
EndGlobal
